
Microsoft Visual Studio Solution File, Format Version 12.00
# Visual Studio Version 17
VisualStudioVersion = 17.9.34728.123
MinimumVisualStudioVersion = 10.0.40219.1
Project("{FAE04EC0-301F-11D3-BF4B-00C04F79EFBC}") = "KoshelokTestTaskServer", "KoshelokTestTaskServer\KoshelokTestTaskServer.csproj", "{C0C3CDA0-0929-4C38-A224-1E7051EE094D}"
EndProject
Project("{FAE04EC0-301F-11D3-BF4B-00C04F79EFBC}") = "Application", "DAL\Application.csproj", "{C7B32068-ED2A-441F-A694-97B11A4456F2}"
EndProject
Project("{FAE04EC0-301F-11D3-BF4B-00C04F79EFBC}") = "Domain", "Domain\Domain.csproj", "{6F6DC69A-8D49-4630-BC33-6D38151696FB}"
EndProject
Project("{FAE04EC0-301F-11D3-BF4B-00C04F79EFBC}") = "Infrastructure", "Infrastructure\Infrastructure.csproj", "{C1CB8FE1-09F3-4040-9B5F-5D6E9A232938}"
EndProject
Global
	GlobalSection(SolutionConfigurationPlatforms) = preSolution
		Debug|Any CPU = Debug|Any CPU
		Release|Any CPU = Release|Any CPU
	EndGlobalSection
	GlobalSection(ProjectConfigurationPlatforms) = postSolution
		{C0C3CDA0-0929-4C38-A224-1E7051EE094D}.Debug|Any CPU.ActiveCfg = Debug|Any CPU
		{C0C3CDA0-0929-4C38-A224-1E7051EE094D}.Debug|Any CPU.Build.0 = Debug|Any CPU
		{C0C3CDA0-0929-4C38-A224-1E7051EE094D}.Release|Any CPU.ActiveCfg = Release|Any CPU
		{C0C3CDA0-0929-4C38-A224-1E7051EE094D}.Release|Any CPU.Build.0 = Release|Any CPU
		{C7B32068-ED2A-441F-A694-97B11A4456F2}.Debug|Any CPU.ActiveCfg = Debug|Any CPU
		{C7B32068-ED2A-441F-A694-97B11A4456F2}.Debug|Any CPU.Build.0 = Debug|Any CPU
		{C7B32068-ED2A-441F-A694-97B11A4456F2}.Release|Any CPU.ActiveCfg = Release|Any CPU
		{C7B32068-ED2A-441F-A694-97B11A4456F2}.Release|Any CPU.Build.0 = Release|Any CPU
		{6F6DC69A-8D49-4630-BC33-6D38151696FB}.Debug|Any CPU.ActiveCfg = Debug|Any CPU
		{6F6DC69A-8D49-4630-BC33-6D38151696FB}.Debug|Any CPU.Build.0 = Debug|Any CPU
		{6F6DC69A-8D49-4630-BC33-6D38151696FB}.Release|Any CPU.ActiveCfg = Release|Any CPU
		{6F6DC69A-8D49-4630-BC33-6D38151696FB}.Release|Any CPU.Build.0 = Release|Any CPU
		{C1CB8FE1-09F3-4040-9B5F-5D6E9A232938}.Debug|Any CPU.ActiveCfg = Debug|Any CPU
		{C1CB8FE1-09F3-4040-9B5F-5D6E9A232938}.Debug|Any CPU.Build.0 = Debug|Any CPU
		{C1CB8FE1-09F3-4040-9B5F-5D6E9A232938}.Release|Any CPU.ActiveCfg = Release|Any CPU
		{C1CB8FE1-09F3-4040-9B5F-5D6E9A232938}.Release|Any CPU.Build.0 = Release|Any CPU
	EndGlobalSection
	GlobalSection(SolutionProperties) = preSolution
		HideSolutionNode = FALSE
	EndGlobalSection
	GlobalSection(ExtensibilityGlobals) = postSolution
		SolutionGuid = {CC0EA5E4-580B-4D88-B71D-A8F52C995F7B}
	EndGlobalSection
EndGlobal
